{
  "name": "mco-server",
  "version": "1.2.0",
  "lockfileVersion": 1,
  "requires": true,
  "dependencies": {
    "arc4": {
      "version": "3.3.8",
      "resolved": "https://registry.npmjs.org/arc4/-/arc4-3.3.8.tgz",
      "integrity": "sha1-o1mijWJi6uF2BGIOeOAtpZvsf9c=",
      "requires": {
        "lodash": "4.17.4"
      }
    },
    "lodash": {
      "version": "4.17.4",
      "resolved": "https://registry.npmjs.org/lodash/-/lodash-4.17.4.tgz",
      "integrity": "sha1-eCA6TRwyiuHYbcpkYONptX9AVa4="
    }
  }
}
